
Microsoft Visual Studio Solution File, Format Version 12.00
# Visual Studio 15
VisualStudioVersion = 15.0.28010.2046
MinimumVisualStudioVersion = 10.0.40219.1
Project("{FAE04EC0-301F-11D3-BF4B-00C04F79EFBC}") = "TranHongPhi2", "TranHongPhi2\TranHongPhi2.csproj", "{3AEE421B-7AC3-4A6D-865B-8207227DD56B}"
EndProject
Global
	GlobalSection(SolutionConfigurationPlatforms) = preSolution
		Debug|Any CPU = Debug|Any CPU
		Release|Any CPU = Release|Any CPU
	EndGlobalSection
	GlobalSection(ProjectConfigurationPlatforms) = postSolution
		{3AEE421B-7AC3-4A6D-865B-8207227DD56B}.Debug|Any CPU.ActiveCfg = Debug|Any CPU
		{3AEE421B-7AC3-4A6D-865B-8207227DD56B}.Debug|Any CPU.Build.0 = Debug|Any CPU
		{3AEE421B-7AC3-4A6D-865B-8207227DD56B}.Release|Any CPU.ActiveCfg = Release|Any CPU
		{3AEE421B-7AC3-4A6D-865B-8207227DD56B}.Release|Any CPU.Build.0 = Release|Any CPU
	EndGlobalSection
	GlobalSection(SolutionProperties) = preSolution
		HideSolutionNode = FALSE
	EndGlobalSection
	GlobalSection(ExtensibilityGlobals) = postSolution
		SolutionGuid = {7A5A9C03-BDEC-49E1-996C-7313C5B70F13}
	EndGlobalSection
EndGlobal
